
Microsoft Visual Studio Solution File, Format Version 12.00
# Visual Studio Version 17
VisualStudioVersion = 17.9.34607.119
MinimumVisualStudioVersion = 10.0.40219.1
Project("{9A19103F-16F7-4668-BE54-9A1E7A4F7556}") = "MyApp.Shared", "MyApp.Shared\MyApp.Shared.csproj", "{37EB6F68-8343-48A7-BE9A-E5442358D8C1}"
EndProject
Project("{9A19103F-16F7-4668-BE54-9A1E7A4F7556}") = "MyApp.WPF", "MyApp.WPF\MyApp.WPF.csproj", "{280BEA98-FEB3-4E5A-9DB2-3B84238C3F9F}"
EndProject
Project("{9A19103F-16F7-4668-BE54-9A1E7A4F7556}") = "MyApp.GTK", "MyApp.GTK\MyApp.GTK.csproj", "{21DD5427-461C-4552-9CE7-AE1D2C7A3F07}"
EndProject
Project("{2150E333-8FDC-42A3-9474-1A3956D46DE8}") = "GTK", "GTK", "{102BEAE7-8FA9-48B1-8907-F8859E132053}"
EndProject
Project("{2150E333-8FDC-42A3-9474-1A3956D46DE8}") = "Avalonia", "Avalonia", "{8A208772-2C7C-497B-BC81-A87E2E87FB22}"
EndProject
Project("{2150E333-8FDC-42A3-9474-1A3956D46DE8}") = "Shared", "Shared", "{ACA10464-1D2E-4FEE-AF7C-9FE15CE70827}"
EndProject
Project("{2150E333-8FDC-42A3-9474-1A3956D46DE8}") = "WPF", "WPF", "{6F9A5E0A-0541-4A6D-91E4-75702B4D990D}"
EndProject
Project("{9A19103F-16F7-4668-BE54-9A1E7A4F7556}") = "MyApp.Avalonia.Desktop", "MyApp.Avalonia.Desktop\MyApp.Avalonia.Desktop.csproj", "{6FA3C9F2-CF30-4E29-B3D1-7B83979A71EB}"
EndProject
Project("{9A19103F-16F7-4668-BE54-9A1E7A4F7556}") = "MyApp.Avalonia", "MyApp.Avalonia\MyApp.Avalonia.csproj", "{5B2AEE43-9132-4F16-8137-B776B86BB53B}"
EndProject
Project("{FAE04EC0-301F-11D3-BF4B-00C04F79EFBC}") = "MyApp.GTK.Desktop", "MyApp.GTK.Desktop\MyApp.GTK.Desktop.csproj", "{C5083627-DF89-458F-A31D-8B3BA3F274F2}"
EndProject
Global
	GlobalSection(SolutionConfigurationPlatforms) = preSolution
		Debug|Any CPU = Debug|Any CPU
		Release|Any CPU = Release|Any CPU
	EndGlobalSection
	GlobalSection(ProjectConfigurationPlatforms) = postSolution
		{37EB6F68-8343-48A7-BE9A-E5442358D8C1}.Debug|Any CPU.ActiveCfg = Debug|Any CPU
		{37EB6F68-8343-48A7-BE9A-E5442358D8C1}.Debug|Any CPU.Build.0 = Debug|Any CPU
		{37EB6F68-8343-48A7-BE9A-E5442358D8C1}.Release|Any CPU.ActiveCfg = Release|Any CPU
		{37EB6F68-8343-48A7-BE9A-E5442358D8C1}.Release|Any CPU.Build.0 = Release|Any CPU
		{280BEA98-FEB3-4E5A-9DB2-3B84238C3F9F}.Debug|Any CPU.ActiveCfg = Debug|Any CPU
		{280BEA98-FEB3-4E5A-9DB2-3B84238C3F9F}.Debug|Any CPU.Build.0 = Debug|Any CPU
		{280BEA98-FEB3-4E5A-9DB2-3B84238C3F9F}.Release|Any CPU.ActiveCfg = Release|Any CPU
		{280BEA98-FEB3-4E5A-9DB2-3B84238C3F9F}.Release|Any CPU.Build.0 = Release|Any CPU
		{21DD5427-461C-4552-9CE7-AE1D2C7A3F07}.Debug|Any CPU.ActiveCfg = Debug|Any CPU
		{21DD5427-461C-4552-9CE7-AE1D2C7A3F07}.Debug|Any CPU.Build.0 = Debug|Any CPU
		{21DD5427-461C-4552-9CE7-AE1D2C7A3F07}.Release|Any CPU.ActiveCfg = Release|Any CPU
		{21DD5427-461C-4552-9CE7-AE1D2C7A3F07}.Release|Any CPU.Build.0 = Release|Any CPU
		{6FA3C9F2-CF30-4E29-B3D1-7B83979A71EB}.Debug|Any CPU.ActiveCfg = Debug|Any CPU
		{6FA3C9F2-CF30-4E29-B3D1-7B83979A71EB}.Debug|Any CPU.Build.0 = Debug|Any CPU
		{6FA3C9F2-CF30-4E29-B3D1-7B83979A71EB}.Release|Any CPU.ActiveCfg = Release|Any CPU
		{6FA3C9F2-CF30-4E29-B3D1-7B83979A71EB}.Release|Any CPU.Build.0 = Release|Any CPU
		{5B2AEE43-9132-4F16-8137-B776B86BB53B}.Debug|Any CPU.ActiveCfg = Debug|Any CPU
		{5B2AEE43-9132-4F16-8137-B776B86BB53B}.Debug|Any CPU.Build.0 = Debug|Any CPU
		{5B2AEE43-9132-4F16-8137-B776B86BB53B}.Release|Any CPU.ActiveCfg = Release|Any CPU
		{5B2AEE43-9132-4F16-8137-B776B86BB53B}.Release|Any CPU.Build.0 = Release|Any CPU
		{C5083627-DF89-458F-A31D-8B3BA3F274F2}.Debug|Any CPU.ActiveCfg = Debug|Any CPU
		{C5083627-DF89-458F-A31D-8B3BA3F274F2}.Debug|Any CPU.Build.0 = Debug|Any CPU
		{C5083627-DF89-458F-A31D-8B3BA3F274F2}.Release|Any CPU.ActiveCfg = Release|Any CPU
		{C5083627-DF89-458F-A31D-8B3BA3F274F2}.Release|Any CPU.Build.0 = Release|Any CPU
	EndGlobalSection
	GlobalSection(SolutionProperties) = preSolution
		HideSolutionNode = FALSE
	EndGlobalSection
	GlobalSection(NestedProjects) = preSolution
		{37EB6F68-8343-48A7-BE9A-E5442358D8C1} = {ACA10464-1D2E-4FEE-AF7C-9FE15CE70827}
		{280BEA98-FEB3-4E5A-9DB2-3B84238C3F9F} = {6F9A5E0A-0541-4A6D-91E4-75702B4D990D}
		{21DD5427-461C-4552-9CE7-AE1D2C7A3F07} = {102BEAE7-8FA9-48B1-8907-F8859E132053}
		{6FA3C9F2-CF30-4E29-B3D1-7B83979A71EB} = {8A208772-2C7C-497B-BC81-A87E2E87FB22}
		{5B2AEE43-9132-4F16-8137-B776B86BB53B} = {8A208772-2C7C-497B-BC81-A87E2E87FB22}
		{C5083627-DF89-458F-A31D-8B3BA3F274F2} = {102BEAE7-8FA9-48B1-8907-F8859E132053}
	EndGlobalSection
	GlobalSection(ExtensibilityGlobals) = postSolution
		SolutionGuid = {AEC74CF0-4C66-4B22-8582-9B973CD24366}
	EndGlobalSection
EndGlobal
